{
  "name": "NITROCOIN",
  "lockfileVersion": 2,
  "requires": true,
  "packages": {
    "": {
      "dependencies": {
        "crypto-js": "^4.1.1",
        "crytpo-js": "^0.0.1-security",
        "jsrsasign": "^10.8.6"
      }
    },
    "node_modules/crypto-js": {
      "version": "4.1.1",
      "resolved": "https://registry.npmjs.org/crypto-js/-/crypto-js-4.1.1.tgz",
      "integrity": "sha512-o2JlM7ydqd3Qk9CA0L4NL6mTzU2sdx96a+oOfPu8Mkl/PK51vSyoi8/rQ8NknZtk44vq15lmhAj9CIAGwgeWKw=="
    },
    "node_modules/crytpo-js": {
      "version": "0.0.1-security",
      "resolved": "https://registry.npmjs.org/crytpo-js/-/crytpo-js-0.0.1-security.tgz",
      "integrity": "sha512-Q4jkpxOY9FThbPLcnS9FB70aoUichRhp8RZooheUaozJUV8Cf/uOb31DeLUUXf5RTYkitkLLHB2T8VfelZDi8w=="
    },
    "node_modules/jsrsasign": {
      "version": "10.8.6",
      "resolved": "https://registry.npmjs.org/jsrsasign/-/jsrsasign-10.8.6.tgz",
      "integrity": "sha512-bQmbVtsfbgaKBTWCKiDCPlUPbdlRIK/FzSwT3BzIgZl/cU6TqXu6pZJsCI/dJVrZ9Gir5GC4woqw9shH/v7MBw==",
      "funding": {
        "url": "https://github.com/kjur/jsrsasign#donations"
      }
    }
  },
  "dependencies": {
    "crypto-js": {
      "version": "4.1.1",
      "resolved": "https://registry.npmjs.org/crypto-js/-/crypto-js-4.1.1.tgz",
      "integrity": "sha512-o2JlM7ydqd3Qk9CA0L4NL6mTzU2sdx96a+oOfPu8Mkl/PK51vSyoi8/rQ8NknZtk44vq15lmhAj9CIAGwgeWKw=="
    },
    "crytpo-js": {
      "version": "0.0.1-security",
      "resolved": "https://registry.npmjs.org/crytpo-js/-/crytpo-js-0.0.1-security.tgz",
      "integrity": "sha512-Q4jkpxOY9FThbPLcnS9FB70aoUichRhp8RZooheUaozJUV8Cf/uOb31DeLUUXf5RTYkitkLLHB2T8VfelZDi8w=="
    },
    "jsrsasign": {
      "version": "10.8.6",
      "resolved": "https://registry.npmjs.org/jsrsasign/-/jsrsasign-10.8.6.tgz",
      "integrity": "sha512-bQmbVtsfbgaKBTWCKiDCPlUPbdlRIK/FzSwT3BzIgZl/cU6TqXu6pZJsCI/dJVrZ9Gir5GC4woqw9shH/v7MBw=="
    }
  }
}
